
Microsoft Visual Studio Solution File, Format Version 12.00
# Visual Studio Version 16
VisualStudioVersion = 16.0.32228.343
MinimumVisualStudioVersion = 10.0.40219.1
Project("{9A19103F-16F7-4668-BE54-9A1E7A4F7556}") = "FuniPlugin", "FuniPlugin.csproj", "{0ED6AE32-5379-48E9-A0D0-4CE47C086677}"
EndProject
Global
	GlobalSection(SolutionConfigurationPlatforms) = preSolution
		Debug|Any CPU = Debug|Any CPU
		Release|Any CPU = Release|Any CPU
	EndGlobalSection
	GlobalSection(ProjectConfigurationPlatforms) = postSolution
		{0ED6AE32-5379-48E9-A0D0-4CE47C086677}.Debug|Any CPU.ActiveCfg = Debug|Any CPU
		{0ED6AE32-5379-48E9-A0D0-4CE47C086677}.Debug|Any CPU.Build.0 = Debug|Any CPU
		{0ED6AE32-5379-48E9-A0D0-4CE47C086677}.Release|Any CPU.ActiveCfg = Release|Any CPU
		{0ED6AE32-5379-48E9-A0D0-4CE47C086677}.Release|Any CPU.Build.0 = Release|Any CPU
	EndGlobalSection
	GlobalSection(SolutionProperties) = preSolution
		HideSolutionNode = FALSE
	EndGlobalSection
	GlobalSection(ExtensibilityGlobals) = postSolution
		SolutionGuid = {85C81EE5-23BD-43B3-B4C4-C6971DE4682A}
	EndGlobalSection
EndGlobal
